{
    "_readme": [
        "This file locks the dependencies of your project to a known state",
        "Read more about it at https://getcomposer.org/doc/01-basic-usage.md#installing-dependencies",
        "This file is @generated automatically"
    ],
    "content-hash": "27919db6877492e1d8df8fc4d52f60cb",
    "packages": [
        {
            "name": "htmlburger/carbon-fields",
            "version": "v3.3.2",
            "source": {
                "type": "git",
                "url": "https://github.com/htmlburger/carbon-fields.git",
                "reference": "dd5663e14c6db365323b688dbae1cfbeaf14bee7"
            },
            "dist": {
                "type": "zip",
                "url": "https://api.github.com/repos/htmlburger/carbon-fields/zipball/dd5663e14c6db365323b688dbae1cfbeaf14bee7",
                "reference": "dd5663e14c6db365323b688dbae1cfbeaf14bee7",
                "shasum": ""
            },
            "require": {
                "php": ">=5.3"
            },
            "require-dev": {
                "mockery/mockery": "^0.9.7",
                "phpunit/phpunit": "~4.8"
            },
            "type": "library",
            "autoload": {
                "psr-4": {
                    "Carbon_Fields\\": "core/"
                }
            },
            "notification-url": "https://packagist.org/downloads/",
            "license": [
                "GPL-2.0-only"
            ],
            "authors": [
                {
                    "name": "htmlBurger",
                    "email": "wordpress@htmlburger.com",
                    "homepage": "https://htmlburger.com/",
                    "role": "Developer"
                },
                {
                    "name": "Miroslav Mitev",
                    "email": "mmitev.2create@gmail.com",
                    "role": "Developer"
                },
                {
                    "name": "Atanas Angelov",
                    "email": "atanas.angelov.dev@gmail.com",
                    "role": "Developer"
                },
                {
                    "name": "Georgi Stoyanov",
                    "email": "stoyanov.gs@gmail.com",
                    "role": "Developer"
                },
                {
                    "name": "Plamen Kostadinov",
                    "email": "pkostadinov.2create@gmail.com",
                    "homepage": "http://plasmen.info/",
                    "role": "Developer"
                },
                {
                    "name": "Stanimir Panchev",
                    "email": "Stan4omir@gmail.com",
                    "role": "Developer"
                },
                {
                    "name": "Marin Atanasov",
                    "email": "contact@marinatanasov.com",
                    "homepage": "http://marinatanasov.com/",
                    "role": "Developer"
                },
                {
                    "name": "Siyan Panayotov",
                    "homepage": "http://siyanpanayotov.com/",
                    "role": "Developer"
                },
                {
                    "name": "Peter Petrov",
                    "email": "peter.petrov89@gmail.com",
                    "role": "Developer"
                },
                {
                    "name": "Stanimir Stoyanov",
                    "email": "stanimir.k.stoyanov@gmail.com",
                    "role": "Developer"
                },
                {
                    "name": "Kaloyan Ivanov",
                    "email": "kaloyanxivanov@gmail.com",
                    "homepage": "http://vilepixels.com/",
                    "role": "Developer"
                },
                {
                    "name": "Georgi Popov",
                    "homepage": "http://magadanski.com/",
                    "role": "Developer"
                },
                {
                    "name": "German Velchev",
                    "email": "germozy@gmail.com",
                    "role": "Developer"
                },
                {
                    "name": "Rashko Petrov",
                    "email": "brutalenemy666@gmail.com",
                    "homepage": "http://errorfactory.com/",
                    "role": "Developer"
                },
                {
                    "name": "Alexander Panayotov",
                    "email": "alexander.panayotov@gmail.com",
                    "homepage": "http://alexanderpanayotov.com/",
                    "role": "Developer"
                },
                {
                    "name": "Viktor Vasilev",
                    "email": "liberalcho@gmail.com",
                    "role": "Developer"
                },
                {
                    "name": "Georgi Georgiev",
                    "email": "george.georgiev96@gmail.com",
                    "role": "Developer"
                },
                {
                    "name": "Atanas Vasilev",
                    "email": "atanasvasilev91@gmail.com",
                    "role": "Developer"
                }
            ],
            "description": "WordPress developer-friendly custom fields for post types, taxonomy terms, users, comments, widgets, options and more.",
            "homepage": "http://carbonfields.net/",
            "support": {
                "docs": "http://carbonfields.net/docs/",
                "email": "wordpress@htmlburger.com",
                "issues": "https://github.com/htmlburger/carbon-fields/issues",
                "source": "https://github.com/htmlburger/carbon-fields"
            },
            "time": "2021-04-22T13:24:34+00:00"
        },
        {
            "name": "symfony/polyfill-ctype",
            "version": "v1.23.0",
            "source": {
                "type": "git",
                "url": "https://github.com/symfony/polyfill-ctype.git",
                "reference": "46cd95797e9df938fdd2b03693b5fca5e64b01ce"
            },
            "dist": {
                "type": "zip",
                "url": "https://api.github.com/repos/symfony/polyfill-ctype/zipball/46cd95797e9df938fdd2b03693b5fca5e64b01ce",
                "reference": "46cd95797e9df938fdd2b03693b5fca5e64b01ce",
                "shasum": ""
            },
            "require": {
                "php": ">=7.1"
            },
            "suggest": {
                "ext-ctype": "For best performance"
            },
            "type": "library",
            "extra": {
                "branch-alias": {
                    "dev-main": "1.23-dev"
                },
                "thanks": {
                    "name": "symfony/polyfill",
                    "url": "https://github.com/symfony/polyfill"
                }
            },
            "autoload": {
                "psr-4": {
                    "Symfony\\Polyfill\\Ctype\\": ""
                },
                "files": [
                    "bootstrap.php"
                ]
            },
            "notification-url": "https://packagist.org/downloads/",
            "license": [
                "MIT"
            ],
            "authors": [
                {
                    "name": "Gert de Pagter",
                    "email": "BackEndTea@gmail.com"
                },
                {
                    "name": "Symfony Community",
                    "homepage": "https://symfony.com/contributors"
                }
            ],
            "description": "Symfony polyfill for ctype functions",
            "homepage": "https://symfony.com",
            "keywords": [
                "compatibility",
                "ctype",
                "polyfill",
                "portable"
            ],
            "support": {
                "source": "https://github.com/symfony/polyfill-ctype/tree/v1.23.0"
            },
            "funding": [
                {
                    "url": "https://symfony.com/sponsor",
                    "type": "custom"
                },
                {
                    "url": "https://github.com/fabpot",
                    "type": "github"
                },
                {
                    "url": "https://tidelift.com/funding/github/packagist/symfony/symfony",
                    "type": "tidelift"
                }
            ],
            "time": "2021-02-19T12:13:01+00:00"
        },
        {
            "name": "webmozart/assert",
            "version": "1.10.0",
            "source": {
                "type": "git",
                "url": "https://github.com/webmozarts/assert.git",
                "reference": "6964c76c7804814a842473e0c8fd15bab0f18e25"
            },
            "dist": {
                "type": "zip",
                "url": "https://api.github.com/repos/webmozarts/assert/zipball/6964c76c7804814a842473e0c8fd15bab0f18e25",
                "reference": "6964c76c7804814a842473e0c8fd15bab0f18e25",
                "shasum": ""
            },
            "require": {
                "php": "^7.2 || ^8.0",
                "symfony/polyfill-ctype": "^1.8"
            },
            "conflict": {
                "phpstan/phpstan": "<0.12.20",
                "vimeo/psalm": "<4.6.1 || 4.6.2"
            },
            "require-dev": {
                "phpunit/phpunit": "^8.5.13"
            },
            "type": "library",
            "extra": {
                "branch-alias": {
                    "dev-master": "1.10-dev"
                }
            },
            "autoload": {
                "psr-4": {
                    "Webmozart\\Assert\\": "src/"
                }
            },
            "notification-url": "https://packagist.org/downloads/",
            "license": [
                "MIT"
            ],
            "authors": [
                {
                    "name": "Bernhard Schussek",
                    "email": "bschussek@gmail.com"
                }
            ],
            "description": "Assertions to validate method input/output with nice error messages.",
            "keywords": [
                "assert",
                "check",
                "validate"
            ],
            "support": {
                "issues": "https://github.com/webmozarts/assert/issues",
                "source": "https://github.com/webmozarts/assert/tree/1.10.0"
            },
            "time": "2021-03-09T10:59:23+00:00"
        },
        {
            "name": "webmozart/path-util",
            "version": "2.3.0",
            "source": {
                "type": "git",
                "url": "https://github.com/webmozart/path-util.git",
                "reference": "d939f7edc24c9a1bb9c0dee5cb05d8e859490725"
            },
            "dist": {
                "type": "zip",
                "url": "https://api.github.com/repos/webmozart/path-util/zipball/d939f7edc24c9a1bb9c0dee5cb05d8e859490725",
                "reference": "d939f7edc24c9a1bb9c0dee5cb05d8e859490725",
                "shasum": ""
            },
            "require": {
                "php": ">=5.3.3",
                "webmozart/assert": "~1.0"
            },
            "require-dev": {
                "phpunit/phpunit": "^4.6",
                "sebastian/version": "^1.0.1"
            },
            "type": "library",
            "extra": {
                "branch-alias": {
                    "dev-master": "2.3-dev"
                }
            },
            "autoload": {
                "psr-4": {
                    "Webmozart\\PathUtil\\": "src/"
                }
            },
            "notification-url": "https://packagist.org/downloads/",
            "license": [
                "MIT"
            ],
            "authors": [
                {
                    "name": "Bernhard Schussek",
                    "email": "bschussek@gmail.com"
                }
            ],
            "description": "A robust cross-platform utility for normalizing, comparing and modifying file paths.",
            "support": {
                "issues": "https://github.com/webmozart/path-util/issues",
                "source": "https://github.com/webmozart/path-util/tree/2.3.0"
            },
            "time": "2015-12-17T08:42:14+00:00"
        }
    ],
    "packages-dev": [],
    "aliases": [],
    "minimum-stability": "stable",
    "stability-flags": [],
    "prefer-stable": false,
    "prefer-lowest": false,
    "platform": [],
    "platform-dev": [],
    "plugin-api-version": "2.1.0"
}
